// !$*UTF8*$!
{
	archiveVersion = 1;
	classes = {
	};
	objectVersion = 46;
	objects = {

/* Begin PBXBuildFile section */
		B5A98A1D1A0E3F8D000DCDCD /* AppDelegate.swift in Sources */ = {isa = PBXBuildFile; fileRef = B5A98A1C1A0E3F8D000DCDCD /* AppDelegate.swift */; };
		B5A98A1F1A0E3F8D000DCDCD /* ViewController.swift in Sources */ = {isa = PBXBuildFile; fileRef = B5A98A1E1A0E3F8D000DCDCD /* ViewController.swift */; };
		B5A98A221A0E3F8D000DCDCD /* Main.storyboard in Resources */ = {isa = PBXBuildFile; fileRef = B5A98A201A0E3F8D000DCDCD /* Main.storyboard */; };
		B5A98A241A0E3F8D000DCDCD /* Images.xcassets in Resources */ = {isa = PBXBuildFile; fileRef = B5A98A231A0E3F8D000DCDCD /* Images.xcassets */; };
		B5A98A271A0E3F8D000DCDCD /* LaunchScreen.xib in Resources */ = {isa = PBXBuildFile; fileRef = B5A98A251A0E3F8D000DCDCD /* LaunchScreen.xib */; };
		B5A98A331A0E3F8D000DCDCD /* indicatorDemoTests.swift in Sources */ = {isa = PBXBuildFile; fileRef = B5A98A321A0E3F8D000DCDCD /* indicatorDemoTests.swift */; };
		B5A98A3D1A0E3FF8000DCDCD /* WIndicator.swift in Sources */ = {isa = PBXBuildFile; fileRef = B5A98A3C1A0E3FF8000DCDCD /* WIndicator.swift */; };
		B5E35F151A13644C00457A1B /* WIndicatorText.swift in Sources */ = {isa = PBXBuildFile; fileRef = B5E35F141A13644C00457A1B /* WIndicatorText.swift */; };
		B5E35F191A1474C800457A1B /* WActivityIndicator.swift in Sources */ = {isa = PBXBuildFile; fileRef = B5E35F181A1474C800457A1B /* WActivityIndicator.swift */; };
/* End PBXBuildFile section */

/* Begin PBXContainerItemProxy section */
		B5A98A2D1A0E3F8D000DCDCD /* PBXContainerItemProxy */ = {
			isa = PBXContainerItemProxy;
			containerPortal = B5A98A0F1A0E3F8D000DCDCD /* Project object */;
			proxyType = 1;
			remoteGlobalIDString = B5A98A161A0E3F8D000DCDCD;
			remoteInfo = indicatorDemo;
		};
/* End PBXContainerItemProxy section */

/* Begin PBXFileReference section */
		B5A98A171A0E3F8D000DCDCD /* indicatorDemo.app */ = {isa = PBXFileReference; explicitFileType = wrapper.application; includeInIndex = 0; path = indicatorDemo.app; sourceTree = BUILT_PRODUCTS_DIR; };
		B5A98A1B1A0E3F8D000DCDCD /* Info.plist */ = {isa = PBXFileReference; lastKnownFileType = text.plist.xml; path = Info.plist; sourceTree = "<group>"; };
		B5A98A1C1A0E3F8D000DCDCD /* AppDelegate.swift */ = {isa = PBXFileReference; lastKnownFileType = sourcecode.swift; path = AppDelegate.swift; sourceTree = "<group>"; };
		B5A98A1E1A0E3F8D000DCDCD /* ViewController.swift */ = {isa = PBXFileReference; lastKnownFileType = sourcecode.swift; path = ViewController.swift; sourceTree = "<group>"; };
		B5A98A211A0E3F8D000DCDCD /* Base */ = {isa = PBXFileReference; lastKnownFileType = file.storyboard; name = Base; path = Base.lproj/Main.storyboard; sourceTree = "<group>"; };
		B5A98A231A0E3F8D000DCDCD /* Images.xcassets */ = {isa = PBXFileReference; lastKnownFileType = folder.assetcatalog; path = Images.xcassets; sourceTree = "<group>"; };
		B5A98A261A0E3F8D000DCDCD /* Base */ = {isa = PBXFileReference; lastKnownFileType = file.xib; name = Base; path = Base.lproj/LaunchScreen.xib; sourceTree = "<group>"; };
		B5A98A2C1A0E3F8D000DCDCD /* indicatorDemoTests.xctest */ = {isa = PBXFileReference; explicitFileType = wrapper.cfbundle; includeInIndex = 0; path = indicatorDemoTests.xctest; sourceTree = BUILT_PRODUCTS_DIR; };
		B5A98A311A0E3F8D000DCDCD /* Info.plist */ = {isa = PBXFileReference; lastKnownFileType = text.plist.xml; path = Info.plist; sourceTree = "<group>"; };
		B5A98A321A0E3F8D000DCDCD /* indicatorDemoTests.swift */ = {isa = PBXFileReference; lastKnownFileType = sourcecode.swift; path = indicatorDemoTests.swift; sourceTree = "<group>"; };
		B5A98A3C1A0E3FF8000DCDCD /* WIndicator.swift */ = {isa = PBXFileReference; fileEncoding = 4; lastKnownFileType = sourcecode.swift; path = WIndicator.swift; sourceTree = "<group>"; };
		B5E35F141A13644C00457A1B /* WIndicatorText.swift */ = {isa = PBXFileReference; fileEncoding = 4; lastKnownFileType = sourcecode.swift; path = WIndicatorText.swift; sourceTree = "<group>"; };
		B5E35F181A1474C800457A1B /* WActivityIndicator.swift */ = {isa = PBXFileReference; fileEncoding = 4; lastKnownFileType = sourcecode.swift; path = WActivityIndicator.swift; sourceTree = "<group>"; };
/* End PBXFileReference section */

/* Begin PBXFrameworksBuildPhase section */
		B5A98A141A0E3F8D000DCDCD /* Frameworks */ = {
			isa = PBXFrameworksBuildPhase;
			buildActionMask = 2147483647;
			files = (
			);
			runOnlyForDeploymentPostprocessing = 0;
		};
		B5A98A291A0E3F8D000DCDCD /* Frameworks */ = {
			isa = PBXFrameworksBuildPhase;
			buildActionMask = 2147483647;
			files = (
			);
			runOnlyForDeploymentPostprocessing = 0;
		};
/* End PBXFrameworksBuildPhase section */

/* Begin PBXGroup section */
		B5A98A0E1A0E3F8D000DCDCD = {
			isa = PBXGroup;
			children = (
				B5A98A191A0E3F8D000DCDCD /* indicatorDemo */,
				B5A98A2F1A0E3F8D000DCDCD /* indicatorDemoTests */,
				B5A98A181A0E3F8D000DCDCD /* Products */,
			);
			sourceTree = "<group>";
		};
		B5A98A181A0E3F8D000DCDCD /* Products */ = {
			isa = PBXGroup;
			children = (
				B5A98A171A0E3F8D000DCDCD /* indicatorDemo.app */,
				B5A98A2C1A0E3F8D000DCDCD /* indicatorDemoTests.xctest */,
			);
			name = Products;
			sourceTree = "<group>";
		};
		B5A98A191A0E3F8D000DCDCD /* indicatorDemo */ = {
			isa = PBXGroup;
			children = (
				B5A98A1C1A0E3F8D000DCDCD /* AppDelegate.swift */,
				B5A98A1E1A0E3F8D000DCDCD /* ViewController.swift */,
				B5A98A3C1A0E3FF8000DCDCD /* WIndicator.swift */,
				B5E35F181A1474C800457A1B /* WActivityIndicator.swift */,
				B5E35F141A13644C00457A1B /* WIndicatorText.swift */,
				B5A98A201A0E3F8D000DCDCD /* Main.storyboard */,
				B5A98A231A0E3F8D000DCDCD /* Images.xcassets */,
				B5A98A251A0E3F8D000DCDCD /* LaunchScreen.xib */,
				B5A98A1A1A0E3F8D000DCDCD /* Supporting Files */,
			);
			path = indicatorDemo;
			sourceTree = "<group>";
		};
		B5A98A1A1A0E3F8D000DCDCD /* Supporting Files */ = {
			isa = PBXGroup;
			children = (
				B5A98A1B1A0E3F8D000DCDCD /* Info.plist */,
			);
			name = "Supporting Files";
			sourceTree = "<group>";
		};
		B5A98A2F1A0E3F8D000DCDCD /* indicatorDemoTests */ = {
			isa = PBXGroup;
			children = (
				B5A98A321A0E3F8D000DCDCD /* indicatorDemoTests.swift */,
				B5A98A301A0E3F8D000DCDCD /* Supporting Files */,
			);
			path = indicatorDemoTests;
			sourceTree = "<group>";
		};
		B5A98A301A0E3F8D000DCDCD /* Supporting Files */ = {
			isa = PBXGroup;
			children = (
				B5A98A311A0E3F8D000DCDCD /* Info.plist */,
			);
			name = "Supporting Files";
			sourceTree = "<group>";
		};
/* End PBXGroup section */

/* Begin PBXNativeTarget section */
		B5A98A161A0E3F8D000DCDCD /* indicatorDemo */ = {
			isa = PBXNativeTarget;
			buildConfigurationList = B5A98A361A0E3F8D000DCDCD /* Build configuration list for PBXNativeTarget "indicatorDemo" */;
			buildPhases = (
				B5A98A131A0E3F8D000DCDCD /* Sources */,
				B5A98A141A0E3F8D000DCDCD /* Frameworks */,
				B5A98A151A0E3F8D000DCDCD /* Resources */,
			);
			buildRules = (
			);
			dependencies = (
			);
			name = indicatorDemo;
			productName = indicatorDemo;
			productReference = B5A98A171A0E3F8D000DCDCD /* indicatorDemo.app */;
			productType = "com.apple.product-type.application";
		};
		B5A98A2B1A0E3F8D000DCDCD /* indicatorDemoTests */ = {
			isa = PBXNativeTarget;
			buildConfigurationList = B5A98A391A0E3F8D000DCDCD /* Build configuration list for PBXNativeTarget "indicatorDemoTests" */;
			buildPhases = (
				B5A98A281A0E3F8D000DCDCD /* Sources */,
				B5A98A291A0E3F8D000DCDCD /* Frameworks */,
				B5A98A2A1A0E3F8D000DCDCD /* Resources */,
			);
			buildRules = (
			);
			dependencies = (
				B5A98A2E1A0E3F8D000DCDCD /* PBXTargetDependency */,
			);
			name = indicatorDemoTests;
			productName = indicatorDemoTests;
			productReference = B5A98A2C1A0E3F8D000DCDCD /* indicatorDemoTests.xctest */;
			productType = "com.apple.product-type.bundle.unit-test";
		};
/* End PBXNativeTarget section */

/* Begin PBXProject section */
		B5A98A0F1A0E3F8D000DCDCD /* Project object */ = {
			isa = PBXProject;
			attributes = {
				LastUpgradeCheck = 0610;
				ORGANIZATIONNAME = wangshouye;
				TargetAttributes = {
					B5A98A161A0E3F8D000DCDCD = {
						CreatedOnToolsVersion = 6.1;
					};
					B5A98A2B1A0E3F8D000DCDCD = {
						CreatedOnToolsVersion = 6.1;
						TestTargetID = B5A98A161A0E3F8D000DCDCD;
					};
				};
			};
			buildConfigurationList = B5A98A121A0E3F8D000DCDCD /* Build configuration list for PBXProject "indicatorDemo" */;
			compatibilityVersion = "Xcode 3.2";
			developmentRegion = English;
			hasScannedForEncodings = 0;
			knownRegions = (
				en,
				Base,
			);
			mainGroup = B5A98A0E1A0E3F8D000DCDCD;
			productRefGroup = B5A98A181A0E3F8D000DCDCD /* Products */;
			projectDirPath = "";
			projectRoot = "";
			targets = (
				B5A98A161A0E3F8D000DCDCD /* indicatorDemo */,
				B5A98A2B1A0E3F8D000DCDCD /* indicatorDemoTests */,
			);
		};
/* End PBXProject section */

/* Begin PBXResourcesBuildPhase section */
		B5A98A151A0E3F8D000DCDCD /* Resources */ = {
			isa = PBXResourcesBuildPhase;
			buildActionMask = 2147483647;
			files = (
				B5A98A221A0E3F8D000DCDCD /* Main.storyboard in Resources */,
				B5A98A271A0E3F8D000DCDCD /* LaunchScreen.xib in Resources */,
				B5A98A241A0E3F8D000DCDCD /* Images.xcassets in Resources */,
			);
			runOnlyForDeploymentPostprocessing = 0;
		};
		B5A98A2A1A0E3F8D000DCDCD /* Resources */ = {
			isa = PBXResourcesBuildPhase;
			buildActionMask = 2147483647;
			files = (
			);
			runOnlyForDeploymentPostprocessing = 0;
		};
/* End PBXResourcesBuildPhase section */

/* Begin PBXSourcesBuildPhase section */
		B5A98A131A0E3F8D000DCDCD /* Sources */ = {
			isa = PBXSourcesBuildPhase;
			buildActionMask = 2147483647;
			files = (
				B5E35F151A13644C00457A1B /* WIndicatorText.swift in Sources */,
				B5E35F191A1474C800457A1B /* WActivityIndicator.swift in Sources */,
				B5A98A1F1A0E3F8D000DCDCD /* ViewController.swift in Sources */,
				B5A98A3D1A0E3FF8000DCDCD /* WIndicator.swift in Sources */,
				B5A98A1D1A0E3F8D000DCDCD /* AppDelegate.swift in Sources */,
			);
			runOnlyForDeploymentPostprocessing = 0;
		};
		B5A98A281A0E3F8D000DCDCD /* Sources */ = {
			isa = PBXSourcesBuildPhase;
			buildActionMask = 2147483647;
			files = (
				B5A98A331A0E3F8D000DCDCD /* indicatorDemoTests.swift in Sources */,
			);
			runOnlyForDeploymentPostprocessing = 0;
		};
/* End PBXSourcesBuildPhase section */

/* Begin PBXTargetDependency section */
		B5A98A2E1A0E3F8D000DCDCD /* PBXTargetDependency */ = {
			isa = PBXTargetDependency;
			target = B5A98A161A0E3F8D000DCDCD /* indicatorDemo */;
			targetProxy = B5A98A2D1A0E3F8D000DCDCD /* PBXContainerItemProxy */;
		};
/* End PBXTargetDependency section */

/* Begin PBXVariantGroup section */
		B5A98A201A0E3F8D000DCDCD /* Main.storyboard */ = {
			isa = PBXVariantGroup;
			children = (
				B5A98A211A0E3F8D000DCDCD /* Base */,
			);
			name = Main.storyboard;
			sourceTree = "<group>";
		};
		B5A98A251A0E3F8D000DCDCD /* LaunchScreen.xib */ = {
			isa = PBXVariantGroup;
			children = (
				B5A98A261A0E3F8D000DCDCD /* Base */,
			);
			name = LaunchScreen.xib;
			sourceTree = "<group>";
		};
/* End PBXVariantGroup section */

/* Begin XCBuildConfiguration section */
		B5A98A341A0E3F8D000DCDCD /* Debug */ = {
			isa = XCBuildConfiguration;
			buildSettings = {
				ALWAYS_SEARCH_USER_PATHS = NO;
				CLANG_CXX_LANGUAGE_STANDARD = "gnu++0x";
				CLANG_CXX_LIBRARY = "libc++";
				CLANG_ENABLE_MODULES = YES;
				CLANG_ENABLE_OBJC_ARC = YES;
				CLANG_WARN_BOOL_CONVERSION = YES;
				CLANG_WARN_CONSTANT_CONVERSION = YES;
				CLANG_WARN_DIRECT_OBJC_ISA_USAGE = YES_ERROR;
				CLANG_WARN_EMPTY_BODY = YES;
				CLANG_WARN_ENUM_CONVERSION = YES;
				CLANG_WARN_INT_CONVERSION = YES;
				CLANG_WARN_OBJC_ROOT_CLASS = YES_ERROR;
				CLANG_WARN_UNREACHABLE_CODE = YES;
				CLANG_WARN__DUPLICATE_METHOD_MATCH = YES;
				"CODE_SIGN_IDENTITY[sdk=iphoneos*]" = "iPhone Developer";
				COPY_PHASE_STRIP = NO;
				ENABLE_STRICT_OBJC_MSGSEND = YES;
				GCC_C_LANGUAGE_STANDARD = gnu99;
				GCC_DYNAMIC_NO_PIC = NO;
				GCC_OPTIMIZATION_LEVEL = 0;
				GCC_PREPROCESSOR_DEFINITIONS = (
					"DEBUG=1",
					"$(inherited)",
				);
				GCC_SYMBOLS_PRIVATE_EXTERN = NO;
				GCC_WARN_64_TO_32_BIT_CONVERSION = YES;
				GCC_WARN_ABOUT_RETURN_TYPE = YES_ERROR;
				GCC_WARN_UNDECLARED_SELECTOR = YES;
				GCC_WARN_UNINITIALIZED_AUTOS = YES_AGGRESSIVE;
				GCC_WARN_UNUSED_FUNCTION = YES;
				GCC_WARN_UNUSED_VARIABLE = YES;
				IPHONEOS_DEPLOYMENT_TARGET = 8.1;
				MTL_ENABLE_DEBUG_INFO = YES;
				ONLY_ACTIVE_ARCH = YES;
				SDKROOT = iphoneos;
				SWIFT_OPTIMIZATION_LEVEL = "-Onone";
			};
			name = Debug;
		};
		B5A98A351A0E3F8D000DCDCD /* Release */ = {
			isa = XCBuildConfiguration;
			buildSettings = {
				ALWAYS_SEARCH_USER_PATHS = NO;
				CLANG_CXX_LANGUAGE_STANDARD = "gnu++0x";
				CLANG_CXX_LIBRARY = "libc++";
				CLANG_ENABLE_MODULES = YES;
				CLANG_ENABLE_OBJC_ARC = YES;
				CLANG_WARN_BOOL_CONVERSION = YES;
				CLANG_WARN_CONSTANT_CONVERSION = YES;
				CLANG_WARN_DIRECT_OBJC_ISA_USAGE = YES_ERROR;
				CLANG_WARN_EMPTY_BODY = YES;
				CLANG_WARN_ENUM_CONVERSION = YES;
				CLANG_WARN_INT_CONVERSION = YES;
				CLANG_WARN_OBJC_ROOT_CLASS = YES_ERROR;
				CLANG_WARN_UNREACHABLE_CODE = YES;
				CLANG_WARN__DUPLICATE_METHOD_MATCH = YES;
				"CODE_SIGN_IDENTITY[sdk=iphoneos*]" = "iPhone Developer";
				COPY_PHASE_STRIP = YES;
				ENABLE_NS_ASSERTIONS = NO;
				ENABLE_STRICT_OBJC_MSGSEND = YES;
				GCC_C_LANGUAGE_STANDARD = gnu99;
				GCC_WARN_64_TO_32_BIT_CONVERSION = YES;
				GCC_WARN_ABOUT_RETURN_TYPE = YES_ERROR;
				GCC_WARN_UNDECLARED_SELECTOR = YES;
				GCC_WARN_UNINITIALIZED_AUTOS = YES_AGGRESSIVE;
				GCC_WARN_UNUSED_FUNCTION = YES;
				GCC_WARN_UNUSED_VARIABLE = YES;
				IPHONEOS_DEPLOYMENT_TARGET = 8.1;
				MTL_ENABLE_DEBUG_INFO = NO;
				SDKROOT = iphoneos;
				VALIDATE_PRODUCT = YES;
			};
			name = Release;
		};
		B5A98A371A0E3F8D000DCDCD /* Debug */ = {
			isa = XCBuildConfiguration;
			buildSettings = {
				ASSETCATALOG_COMPILER_APPICON_NAME = AppIcon;
				INFOPLIST_FILE = indicatorDemo/Info.plist;
				LD_RUNPATH_SEARCH_PATHS = "$(inherited) @executable_path/Frameworks";
				PRODUCT_NAME = "$(TARGET_NAME)";
			};
			name = Debug;
		};
		B5A98A381A0E3F8D000DCDCD /* Release */ = {
			isa = XCBuildConfiguration;
			buildSettings = {
				ASSETCATALOG_COMPILER_APPICON_NAME = AppIcon;
				INFOPLIST_FILE = indicatorDemo/Info.plist;
				LD_RUNPATH_SEARCH_PATHS = "$(inherited) @executable_path/Frameworks";
				PRODUCT_NAME = "$(TARGET_NAME)";
			};
			name = Release;
		};
		B5A98A3A1A0E3F8D000DCDCD /* Debug */ = {
			isa = XCBuildConfiguration;
			buildSettings = {
				BUNDLE_LOADER = "$(TEST_HOST)";
				FRAMEWORK_SEARCH_PATHS = (
					"$(SDKROOT)/Developer/Library/Frameworks",
					"$(inherited)",
				);
				GCC_PREPROCESSOR_DEFINITIONS = (
					"DEBUG=1",
					"$(inherited)",
				);
				INFOPLIST_FILE = indicatorDemoTests/Info.plist;
				LD_RUNPATH_SEARCH_PATHS = "$(inherited) @executable_path/Frameworks @loader_path/Frameworks";
				PRODUCT_NAME = "$(TARGET_NAME)";
				TEST_HOST = "$(BUILT_PRODUCTS_DIR)/indicatorDemo.app/indicatorDemo";
			};
			name = Debug;
		};
		B5A98A3B1A0E3F8D000DCDCD /* Release */ = {
			isa = XCBuildConfiguration;
			buildSettings = {
				BUNDLE_LOADER = "$(TEST_HOST)";
				FRAMEWORK_SEARCH_PATHS = (
					"$(SDKROOT)/Developer/Library/Frameworks",
					"$(inherited)",
				);
				INFOPLIST_FILE = indicatorDemoTests/Info.plist;
				LD_RUNPATH_SEARCH_PATHS = "$(inherited) @executable_path/Frameworks @loader_path/Frameworks";
				PRODUCT_NAME = "$(TARGET_NAME)";
				TEST_HOST = "$(BUILT_PRODUCTS_DIR)/indicatorDemo.app/indicatorDemo";
			};
			name = Release;
		};
/* End XCBuildConfiguration section */

/* Begin XCConfigurationList section */
		B5A98A121A0E3F8D000DCDCD /* Build configuration list for PBXProject "indicatorDemo" */ = {
			isa = XCConfigurationList;
			buildConfigurations = (
				B5A98A341A0E3F8D000DCDCD /* Debug */,
				B5A98A351A0E3F8D000DCDCD /* Release */,
			);
			defaultConfigurationIsVisible = 0;
			defaultConfigurationName = Release;
		};
		B5A98A361A0E3F8D000DCDCD /* Build configuration list for PBXNativeTarget "indicatorDemo" */ = {
			isa = XCConfigurationList;
			buildConfigurations = (
				B5A98A371A0E3F8D000DCDCD /* Debug */,
				B5A98A381A0E3F8D000DCDCD /* Release */,
			);
			defaultConfigurationIsVisible = 0;
			defaultConfigurationName = Release;
		};
		B5A98A391A0E3F8D000DCDCD /* Build configuration list for PBXNativeTarget "indicatorDemoTests" */ = {
			isa = XCConfigurationList;
			buildConfigurations = (
				B5A98A3A1A0E3F8D000DCDCD /* Debug */,
				B5A98A3B1A0E3F8D000DCDCD /* Release */,
			);
			defaultConfigurationIsVisible = 0;
			defaultConfigurationName = Release;
		};
/* End XCConfigurationList section */
	};
	rootObject = B5A98A0F1A0E3F8D000DCDCD /* Project object */;
}
